
Microsoft Visual Studio Solution File, Format Version 12.00
# Visual Studio Version 17
VisualStudioVersion = 17.4.33110.190
MinimumVisualStudioVersion = 10.0.40219.1
Project("{FAE04EC0-301F-11D3-BF4B-00C04F79EFBC}") = "MasterDetails_MVCCore", "MasterDetails_MVCCore\MasterDetails_MVCCore.csproj", "{1EAD2D2E-3BD0-4376-92BC-089555CAD7CC}"
EndProject
Global
	GlobalSection(SolutionConfigurationPlatforms) = preSolution
		Debug|Any CPU = Debug|Any CPU
		Release|Any CPU = Release|Any CPU
	EndGlobalSection
	GlobalSection(ProjectConfigurationPlatforms) = postSolution
		{1EAD2D2E-3BD0-4376-92BC-089555CAD7CC}.Debug|Any CPU.ActiveCfg = Debug|Any CPU
		{1EAD2D2E-3BD0-4376-92BC-089555CAD7CC}.Debug|Any CPU.Build.0 = Debug|Any CPU
		{1EAD2D2E-3BD0-4376-92BC-089555CAD7CC}.Release|Any CPU.ActiveCfg = Release|Any CPU
		{1EAD2D2E-3BD0-4376-92BC-089555CAD7CC}.Release|Any CPU.Build.0 = Release|Any CPU
	EndGlobalSection
	GlobalSection(SolutionProperties) = preSolution
		HideSolutionNode = FALSE
	EndGlobalSection
	GlobalSection(ExtensibilityGlobals) = postSolution
		SolutionGuid = {FA2877B5-AA3B-44AC-A544-ECDD75CAA2D3}
	EndGlobalSection
EndGlobal
